// !$*UTF8*$!
{
	archiveVersion = 1;
	classes = {
	};
	objectVersion = 48;
	objects = {

/* Begin PBXBuildFile section */
		250BB8D220182B190094A423 /* HomeViewController.swift in Sources */ = {isa = PBXBuildFile; fileRef = 250BB8D120182B190094A423 /* HomeViewController.swift */; };
		250BB8DA20183AAA0094A423 /* InfoViewController.swift in Sources */ = {isa = PBXBuildFile; fileRef = 250BB8D920183AAA0094A423 /* InfoViewController.swift */; };
		250BB8DD20183C0B0094A423 /* LineViewController.swift in Sources */ = {isa = PBXBuildFile; fileRef = 250BB8DC20183C0B0094A423 /* LineViewController.swift */; };
		2569F5B720186A8A0090DD1C /* DotViewController.swift in Sources */ = {isa = PBXBuildFile; fileRef = 2569F5B620186A8A0090DD1C /* DotViewController.swift */; };
		2569F5B920186B340090DD1C /* ImageViewController.swift in Sources */ = {isa = PBXBuildFile; fileRef = 2569F5B820186B340090DD1C /* ImageViewController.swift */; };
		2569F5BF20186B950090DD1C /* Back.png in Resources */ = {isa = PBXBuildFile; fileRef = 2569F5BB20186B950090DD1C /* Back.png */; };
		2569F5C020186B950090DD1C /* Flower.png in Resources */ = {isa = PBXBuildFile; fileRef = 2569F5BC20186B950090DD1C /* Flower.png */; };
		2569F5C120186B950090DD1C /* ImageArrow.png in Resources */ = {isa = PBXBuildFile; fileRef = 2569F5BD20186B950090DD1C /* ImageArrow.png */; };
		2569F5C320186D760090DD1C /* SquareViewController.swift in Sources */ = {isa = PBXBuildFile; fileRef = 2569F5C220186D760090DD1C /* SquareViewController.swift */; };
		2569F5C520186F4B0090DD1C /* SolidOvalViewController.swift in Sources */ = {isa = PBXBuildFile; fileRef = 2569F5C420186F4B0090DD1C /* SolidOvalViewController.swift */; };
		2569F5C720186F590090DD1C /* HollowOvalViewController.swift in Sources */ = {isa = PBXBuildFile; fileRef = 2569F5C620186F590090DD1C /* HollowOvalViewController.swift */; };
		2569F5C920186F680090DD1C /* CustomOvalViewController.swift in Sources */ = {isa = PBXBuildFile; fileRef = 2569F5C820186F680090DD1C /* CustomOvalViewController.swift */; };
		2569F5CB201873410090DD1C /* CustomViewDelegate.swift in Sources */ = {isa = PBXBuildFile; fileRef = 2569F5CA201873410090DD1C /* CustomViewDelegate.swift */; };
		2569F5CD201875620090DD1C /* CustomMenuItem.swift in Sources */ = {isa = PBXBuildFile; fileRef = 2569F5CC201875620090DD1C /* CustomMenuItem.swift */; };
		2569F5CF2018756D0090DD1C /* CustomMenuItem.xib in Resources */ = {isa = PBXBuildFile; fileRef = 2569F5CE2018756D0090DD1C /* CustomMenuItem.xib */; };
		2569F5D3201884140090DD1C /* CustomMenuViewController.swift in Sources */ = {isa = PBXBuildFile; fileRef = 2569F5D2201884140090DD1C /* CustomMenuViewController.swift */; };
		2569F5D5201887810090DD1C /* BarViewController.swift in Sources */ = {isa = PBXBuildFile; fileRef = 2569F5D4201887810090DD1C /* BarViewController.swift */; };
		2569F5D72018878D0090DD1C /* AttributeViewController.swift in Sources */ = {isa = PBXBuildFile; fileRef = 2569F5D62018878D0090DD1C /* AttributeViewController.swift */; };
		2569F5D92018879F0090DD1C /* ReloadTitlesViewController.swift in Sources */ = {isa = PBXBuildFile; fileRef = 2569F5D82018879F0090DD1C /* ReloadTitlesViewController.swift */; };
		2569F5DB201887AC0090DD1C /* AverageViewController.swift in Sources */ = {isa = PBXBuildFile; fileRef = 2569F5DA201887AC0090DD1C /* AverageViewController.swift */; };
		2569F5DD201887BA0090DD1C /* CustomWidthViewController.swift in Sources */ = {isa = PBXBuildFile; fileRef = 2569F5DC201887BA0090DD1C /* CustomWidthViewController.swift */; };
		2569F5DF201975C40090DD1C /* HeaderImage.jpeg in Resources */ = {isa = PBXBuildFile; fileRef = 2569F5DE201975C40090DD1C /* HeaderImage.jpeg */; };
		2569F5E6201976B80090DD1C /* SingleViewController.swift in Sources */ = {isa = PBXBuildFile; fileRef = 2569F5E5201976B80090DD1C /* SingleViewController.swift */; };
		2569F5E8201976D90090DD1C /* OffsetViewController.swift in Sources */ = {isa = PBXBuildFile; fileRef = 2569F5E7201976D90090DD1C /* OffsetViewController.swift */; };
		2569F5EA201977250090DD1C /* DoubleViewController.swift in Sources */ = {isa = PBXBuildFile; fileRef = 2569F5E9201977250090DD1C /* DoubleViewController.swift */; };
		2569F5EC2019B4ED0090DD1C /* OneTableViewController.swift in Sources */ = {isa = PBXBuildFile; fileRef = 2569F5EB2019B4ED0090DD1C /* OneTableViewController.swift */; };
		2569F5EE2019B4FA0090DD1C /* TwoTablesViewController.swift in Sources */ = {isa = PBXBuildFile; fileRef = 2569F5ED2019B4FA0090DD1C /* TwoTablesViewController.swift */; };
		2569F5F02019B7880090DD1C /* CustomHeadView.swift in Sources */ = {isa = PBXBuildFile; fileRef = 2569F5EF2019B7880090DD1C /* CustomHeadView.swift */; };
		2569F5F22019B7960090DD1C /* CustomHeadView.xib in Resources */ = {isa = PBXBuildFile; fileRef = 2569F5F12019B7960090DD1C /* CustomHeadView.xib */; };
		2569F5F42019DA1A0090DD1C /* DemoConstant.swift in Sources */ = {isa = PBXBuildFile; fileRef = 2569F5F32019DA1A0090DD1C /* DemoConstant.swift */; };
		257299A22010A3A500B22C19 /* AppDelegate.swift in Sources */ = {isa = PBXBuildFile; fileRef = 257299A12010A3A500B22C19 /* AppDelegate.swift */; };
		257299A72010A3A500B22C19 /* Main.storyboard in Resources */ = {isa = PBXBuildFile; fileRef = 257299A52010A3A500B22C19 /* Main.storyboard */; };
		257299A92010A3A500B22C19 /* Assets.xcassets in Resources */ = {isa = PBXBuildFile; fileRef = 257299A82010A3A500B22C19 /* Assets.xcassets */; };
		257299AC2010A3A500B22C19 /* LaunchScreen.storyboard in Resources */ = {isa = PBXBuildFile; fileRef = 257299AA2010A3A500B22C19 /* LaunchScreen.storyboard */; };
		257299B72011936300B22C19 /* LZPageMenu.swift in Sources */ = {isa = PBXBuildFile; fileRef = 257299B62011936300B22C19 /* LZPageMenu.swift */; };
		257299B92011E0AA00B22C19 /* LZPageMenuProtocols.swift in Sources */ = {isa = PBXBuildFile; fileRef = 257299B82011E0AA00B22C19 /* LZPageMenuProtocols.swift */; };
/* End PBXBuildFile section */

/* Begin PBXFileReference section */
		250BB8D120182B190094A423 /* HomeViewController.swift */ = {isa = PBXFileReference; lastKnownFileType = sourcecode.swift; path = HomeViewController.swift; sourceTree = "<group>"; };
		250BB8D920183AAA0094A423 /* InfoViewController.swift */ = {isa = PBXFileReference; lastKnownFileType = sourcecode.swift; path = InfoViewController.swift; sourceTree = "<group>"; };
		250BB8DC20183C0B0094A423 /* LineViewController.swift */ = {isa = PBXFileReference; lastKnownFileType = sourcecode.swift; path = LineViewController.swift; sourceTree = "<group>"; };
		2569F5B620186A8A0090DD1C /* DotViewController.swift */ = {isa = PBXFileReference; lastKnownFileType = sourcecode.swift; path = DotViewController.swift; sourceTree = "<group>"; };
		2569F5B820186B340090DD1C /* ImageViewController.swift */ = {isa = PBXFileReference; lastKnownFileType = sourcecode.swift; path = ImageViewController.swift; sourceTree = "<group>"; };
		2569F5BB20186B950090DD1C /* Back.png */ = {isa = PBXFileReference; lastKnownFileType = image.png; path = Back.png; sourceTree = "<group>"; };
		2569F5BC20186B950090DD1C /* Flower.png */ = {isa = PBXFileReference; lastKnownFileType = image.png; path = Flower.png; sourceTree = "<group>"; };
		2569F5BD20186B950090DD1C /* ImageArrow.png */ = {isa = PBXFileReference; lastKnownFileType = image.png; path = ImageArrow.png; sourceTree = "<group>"; };
		2569F5C220186D760090DD1C /* SquareViewController.swift */ = {isa = PBXFileReference; lastKnownFileType = sourcecode.swift; path = SquareViewController.swift; sourceTree = "<group>"; };
		2569F5C420186F4B0090DD1C /* SolidOvalViewController.swift */ = {isa = PBXFileReference; lastKnownFileType = sourcecode.swift; path = SolidOvalViewController.swift; sourceTree = "<group>"; };
		2569F5C620186F590090DD1C /* HollowOvalViewController.swift */ = {isa = PBXFileReference; lastKnownFileType = sourcecode.swift; path = HollowOvalViewController.swift; sourceTree = "<group>"; };
		2569F5C820186F680090DD1C /* CustomOvalViewController.swift */ = {isa = PBXFileReference; lastKnownFileType = sourcecode.swift; path = CustomOvalViewController.swift; sourceTree = "<group>"; };
		2569F5CA201873410090DD1C /* CustomViewDelegate.swift */ = {isa = PBXFileReference; lastKnownFileType = sourcecode.swift; path = CustomViewDelegate.swift; sourceTree = "<group>"; };
		2569F5CC201875620090DD1C /* CustomMenuItem.swift */ = {isa = PBXFileReference; lastKnownFileType = sourcecode.swift; path = CustomMenuItem.swift; sourceTree = "<group>"; };
		2569F5CE2018756D0090DD1C /* CustomMenuItem.xib */ = {isa = PBXFileReference; lastKnownFileType = file.xib; path = CustomMenuItem.xib; sourceTree = "<group>"; };
		2569F5D2201884140090DD1C /* CustomMenuViewController.swift */ = {isa = PBXFileReference; lastKnownFileType = sourcecode.swift; path = CustomMenuViewController.swift; sourceTree = "<group>"; };
		2569F5D4201887810090DD1C /* BarViewController.swift */ = {isa = PBXFileReference; lastKnownFileType = sourcecode.swift; path = BarViewController.swift; sourceTree = "<group>"; };
		2569F5D62018878D0090DD1C /* AttributeViewController.swift */ = {isa = PBXFileReference; lastKnownFileType = sourcecode.swift; path = AttributeViewController.swift; sourceTree = "<group>"; };
		2569F5D82018879F0090DD1C /* ReloadTitlesViewController.swift */ = {isa = PBXFileReference; lastKnownFileType = sourcecode.swift; path = ReloadTitlesViewController.swift; sourceTree = "<group>"; };
		2569F5DA201887AC0090DD1C /* AverageViewController.swift */ = {isa = PBXFileReference; lastKnownFileType = sourcecode.swift; path = AverageViewController.swift; sourceTree = "<group>"; };
		2569F5DC201887BA0090DD1C /* CustomWidthViewController.swift */ = {isa = PBXFileReference; lastKnownFileType = sourcecode.swift; path = CustomWidthViewController.swift; sourceTree = "<group>"; };
		2569F5DE201975C40090DD1C /* HeaderImage.jpeg */ = {isa = PBXFileReference; lastKnownFileType = image.jpeg; path = HeaderImage.jpeg; sourceTree = "<group>"; };
		2569F5E5201976B80090DD1C /* SingleViewController.swift */ = {isa = PBXFileReference; lastKnownFileType = sourcecode.swift; path = SingleViewController.swift; sourceTree = "<group>"; };
		2569F5E7201976D90090DD1C /* OffsetViewController.swift */ = {isa = PBXFileReference; lastKnownFileType = sourcecode.swift; path = OffsetViewController.swift; sourceTree = "<group>"; };
		2569F5E9201977250090DD1C /* DoubleViewController.swift */ = {isa = PBXFileReference; lastKnownFileType = sourcecode.swift; path = DoubleViewController.swift; sourceTree = "<group>"; };
		2569F5EB2019B4ED0090DD1C /* OneTableViewController.swift */ = {isa = PBXFileReference; lastKnownFileType = sourcecode.swift; path = OneTableViewController.swift; sourceTree = "<group>"; };
		2569F5ED2019B4FA0090DD1C /* TwoTablesViewController.swift */ = {isa = PBXFileReference; lastKnownFileType = sourcecode.swift; path = TwoTablesViewController.swift; sourceTree = "<group>"; };
		2569F5EF2019B7880090DD1C /* CustomHeadView.swift */ = {isa = PBXFileReference; lastKnownFileType = sourcecode.swift; path = CustomHeadView.swift; sourceTree = "<group>"; };
		2569F5F12019B7960090DD1C /* CustomHeadView.xib */ = {isa = PBXFileReference; lastKnownFileType = file.xib; path = CustomHeadView.xib; sourceTree = "<group>"; };
		2569F5F32019DA1A0090DD1C /* DemoConstant.swift */ = {isa = PBXFileReference; lastKnownFileType = sourcecode.swift; path = DemoConstant.swift; sourceTree = "<group>"; };
		2572999E2010A3A500B22C19 /* LZPageMenu.app */ = {isa = PBXFileReference; explicitFileType = wrapper.application; includeInIndex = 0; path = LZPageMenu.app; sourceTree = BUILT_PRODUCTS_DIR; };
		257299A12010A3A500B22C19 /* AppDelegate.swift */ = {isa = PBXFileReference; lastKnownFileType = sourcecode.swift; path = AppDelegate.swift; sourceTree = "<group>"; };
		257299A62010A3A500B22C19 /* Base */ = {isa = PBXFileReference; lastKnownFileType = file.storyboard; name = Base; path = Base.lproj/Main.storyboard; sourceTree = "<group>"; };
		257299A82010A3A500B22C19 /* Assets.xcassets */ = {isa = PBXFileReference; lastKnownFileType = folder.assetcatalog; path = Assets.xcassets; sourceTree = "<group>"; };
		257299AB2010A3A500B22C19 /* Base */ = {isa = PBXFileReference; lastKnownFileType = file.storyboard; name = Base; path = Base.lproj/LaunchScreen.storyboard; sourceTree = "<group>"; };
		257299AD2010A3A500B22C19 /* Info.plist */ = {isa = PBXFileReference; lastKnownFileType = text.plist.xml; path = Info.plist; sourceTree = "<group>"; };
		257299B62011936300B22C19 /* LZPageMenu.swift */ = {isa = PBXFileReference; lastKnownFileType = sourcecode.swift; path = LZPageMenu.swift; sourceTree = "<group>"; };
		257299B82011E0AA00B22C19 /* LZPageMenuProtocols.swift */ = {isa = PBXFileReference; lastKnownFileType = sourcecode.swift; path = LZPageMenuProtocols.swift; sourceTree = "<group>"; };
/* End PBXFileReference section */

/* Begin PBXFrameworksBuildPhase section */
		2572999B2010A3A500B22C19 /* Frameworks */ = {
			isa = PBXFrameworksBuildPhase;
			buildActionMask = 2147483647;
			files = (
			);
			runOnlyForDeploymentPostprocessing = 0;
		};
/* End PBXFrameworksBuildPhase section */

/* Begin PBXGroup section */
		250BB8D320183A2D0094A423 /* Images */ = {
			isa = PBXGroup;
			children = (
				2569F5DE201975C40090DD1C /* HeaderImage.jpeg */,
				2569F5BB20186B950090DD1C /* Back.png */,
				2569F5BC20186B950090DD1C /* Flower.png */,
				2569F5BD20186B950090DD1C /* ImageArrow.png */,
			);
			path = Images;
			sourceTree = "<group>";
		};
		250BB8D420183A340094A423 /* Demo */ = {
			isa = PBXGroup;
			children = (
				250BB8D820183A7B0094A423 /* Indicator */,
				250BB8D720183A6B0094A423 /* HeadView */,
				250BB8D620183A5C0094A423 /* CustomView */,
				250BB8D520183A510094A423 /* Menu */,
				250BB8D920183AAA0094A423 /* InfoViewController.swift */,
			);
			path = Demo;
			sourceTree = "<group>";
		};
		250BB8D520183A510094A423 /* Menu */ = {
			isa = PBXGroup;
			children = (
				2569F5D2201884140090DD1C /* CustomMenuViewController.swift */,
				2569F5D4201887810090DD1C /* BarViewController.swift */,
				2569F5D62018878D0090DD1C /* AttributeViewController.swift */,
				2569F5D82018879F0090DD1C /* ReloadTitlesViewController.swift */,
				2569F5DA201887AC0090DD1C /* AverageViewController.swift */,
				2569F5DC201887BA0090DD1C /* CustomWidthViewController.swift */,
			);
			path = Menu;
			sourceTree = "<group>";
		};
		250BB8D620183A5C0094A423 /* CustomView */ = {
			isa = PBXGroup;
			children = (
				2569F5CA201873410090DD1C /* CustomViewDelegate.swift */,
				2569F5CC201875620090DD1C /* CustomMenuItem.swift */,
				2569F5CE2018756D0090DD1C /* CustomMenuItem.xib */,
			);
			path = CustomView;
			sourceTree = "<group>";
		};
		250BB8D720183A6B0094A423 /* HeadView */ = {
			isa = PBXGroup;
			children = (
				2569F5E0201976580090DD1C /* Sub content */,
				2569F5E5201976B80090DD1C /* SingleViewController.swift */,
				2569F5E7201976D90090DD1C /* OffsetViewController.swift */,
				2569F5E9201977250090DD1C /* DoubleViewController.swift */,
			);
			path = HeadView;
			sourceTree = "<group>";
		};
		250BB8D820183A7B0094A423 /* Indicator */ = {
			isa = PBXGroup;
			children = (
				250BB8DC20183C0B0094A423 /* LineViewController.swift */,
				2569F5B620186A8A0090DD1C /* DotViewController.swift */,
				2569F5B820186B340090DD1C /* ImageViewController.swift */,
				2569F5C220186D760090DD1C /* SquareViewController.swift */,
				2569F5C420186F4B0090DD1C /* SolidOvalViewController.swift */,
				2569F5C620186F590090DD1C /* HollowOvalViewController.swift */,
				2569F5C820186F680090DD1C /* CustomOvalViewController.swift */,
			);
			path = Indicator;
			sourceTree = "<group>";
		};
		2569F5E0201976580090DD1C /* Sub content */ = {
			isa = PBXGroup;
			children = (
				2569F5EB2019B4ED0090DD1C /* OneTableViewController.swift */,
				2569F5ED2019B4FA0090DD1C /* TwoTablesViewController.swift */,
				2569F5EF2019B7880090DD1C /* CustomHeadView.swift */,
				2569F5F12019B7960090DD1C /* CustomHeadView.xib */,
			);
			path = "Sub content";
			sourceTree = "<group>";
		};
		257299952010A3A500B22C19 = {
			isa = PBXGroup;
			children = (
				257299A02010A3A500B22C19 /* LZPageMenu */,
				2572999F2010A3A500B22C19 /* Products */,
			);
			sourceTree = "<group>";
		};
		2572999F2010A3A500B22C19 /* Products */ = {
			isa = PBXGroup;
			children = (
				2572999E2010A3A500B22C19 /* LZPageMenu.app */,
			);
			name = Products;
			sourceTree = "<group>";
		};
		257299A02010A3A500B22C19 /* LZPageMenu */ = {
			isa = PBXGroup;
			children = (
				250BB8D420183A340094A423 /* Demo */,
				250BB8D320183A2D0094A423 /* Images */,
				257299B32010A49100B22C19 /* LZPageMenu */,
				257299A12010A3A500B22C19 /* AppDelegate.swift */,
				250BB8D120182B190094A423 /* HomeViewController.swift */,
				2569F5F32019DA1A0090DD1C /* DemoConstant.swift */,
				257299A52010A3A500B22C19 /* Main.storyboard */,
				257299A82010A3A500B22C19 /* Assets.xcassets */,
				257299AA2010A3A500B22C19 /* LaunchScreen.storyboard */,
				257299AD2010A3A500B22C19 /* Info.plist */,
			);
			path = LZPageMenu;
			sourceTree = "<group>";
		};
		257299B32010A49100B22C19 /* LZPageMenu */ = {
			isa = PBXGroup;
			children = (
				257299B62011936300B22C19 /* LZPageMenu.swift */,
				257299B82011E0AA00B22C19 /* LZPageMenuProtocols.swift */,
			);
			path = LZPageMenu;
			sourceTree = "<group>";
		};
/* End PBXGroup section */

/* Begin PBXNativeTarget section */
		2572999D2010A3A500B22C19 /* LZPageMenu */ = {
			isa = PBXNativeTarget;
			buildConfigurationList = 257299B02010A3A500B22C19 /* Build configuration list for PBXNativeTarget "LZPageMenu" */;
			buildPhases = (
				2572999A2010A3A500B22C19 /* Sources */,
				2572999B2010A3A500B22C19 /* Frameworks */,
				2572999C2010A3A500B22C19 /* Resources */,
			);
			buildRules = (
			);
			dependencies = (
			);
			name = LZPageMenu;
			productName = LZPageMenu;
			productReference = 2572999E2010A3A500B22C19 /* LZPageMenu.app */;
			productType = "com.apple.product-type.application";
		};
/* End PBXNativeTarget section */

/* Begin PBXProject section */
		257299962010A3A500B22C19 /* Project object */ = {
			isa = PBXProject;
			attributes = {
				LastSwiftUpdateCheck = 0920;
				LastUpgradeCheck = 0920;
				ORGANIZATIONNAME = "Randy Liu";
				TargetAttributes = {
					2572999D2010A3A500B22C19 = {
						CreatedOnToolsVersion = 9.2;
						ProvisioningStyle = Automatic;
					};
				};
			};
			buildConfigurationList = 257299992010A3A500B22C19 /* Build configuration list for PBXProject "LZPageMenu" */;
			compatibilityVersion = "Xcode 8.0";
			developmentRegion = en;
			hasScannedForEncodings = 0;
			knownRegions = (
				en,
				Base,
			);
			mainGroup = 257299952010A3A500B22C19;
			productRefGroup = 2572999F2010A3A500B22C19 /* Products */;
			projectDirPath = "";
			projectRoot = "";
			targets = (
				2572999D2010A3A500B22C19 /* LZPageMenu */,
			);
		};
/* End PBXProject section */

/* Begin PBXResourcesBuildPhase section */
		2572999C2010A3A500B22C19 /* Resources */ = {
			isa = PBXResourcesBuildPhase;
			buildActionMask = 2147483647;
			files = (
				2569F5DF201975C40090DD1C /* HeaderImage.jpeg in Resources */,
				2569F5C020186B950090DD1C /* Flower.png in Resources */,
				2569F5CF2018756D0090DD1C /* CustomMenuItem.xib in Resources */,
				2569F5C120186B950090DD1C /* ImageArrow.png in Resources */,
				257299AC2010A3A500B22C19 /* LaunchScreen.storyboard in Resources */,
				2569F5F22019B7960090DD1C /* CustomHeadView.xib in Resources */,
				2569F5BF20186B950090DD1C /* Back.png in Resources */,
				257299A92010A3A500B22C19 /* Assets.xcassets in Resources */,
				257299A72010A3A500B22C19 /* Main.storyboard in Resources */,
			);
			runOnlyForDeploymentPostprocessing = 0;
		};
/* End PBXResourcesBuildPhase section */

/* Begin PBXSourcesBuildPhase section */
		2572999A2010A3A500B22C19 /* Sources */ = {
			isa = PBXSourcesBuildPhase;
			buildActionMask = 2147483647;
			files = (
				2569F5DD201887BA0090DD1C /* CustomWidthViewController.swift in Sources */,
				2569F5F42019DA1A0090DD1C /* DemoConstant.swift in Sources */,
				2569F5B720186A8A0090DD1C /* DotViewController.swift in Sources */,
				2569F5E8201976D90090DD1C /* OffsetViewController.swift in Sources */,
				2569F5C920186F680090DD1C /* CustomOvalViewController.swift in Sources */,
				2569F5CD201875620090DD1C /* CustomMenuItem.swift in Sources */,
				257299B92011E0AA00B22C19 /* LZPageMenuProtocols.swift in Sources */,
				2569F5D3201884140090DD1C /* CustomMenuViewController.swift in Sources */,
				257299A22010A3A500B22C19 /* AppDelegate.swift in Sources */,
				2569F5D5201887810090DD1C /* BarViewController.swift in Sources */,
				250BB8DD20183C0B0094A423 /* LineViewController.swift in Sources */,
				2569F5D92018879F0090DD1C /* ReloadTitlesViewController.swift in Sources */,
				2569F5C520186F4B0090DD1C /* SolidOvalViewController.swift in Sources */,
				2569F5C720186F590090DD1C /* HollowOvalViewController.swift in Sources */,
				257299B72011936300B22C19 /* LZPageMenu.swift in Sources */,
				250BB8D220182B190094A423 /* HomeViewController.swift in Sources */,
				2569F5F02019B7880090DD1C /* CustomHeadView.swift in Sources */,
				2569F5DB201887AC0090DD1C /* AverageViewController.swift in Sources */,
				2569F5EC2019B4ED0090DD1C /* OneTableViewController.swift in Sources */,
				2569F5B920186B340090DD1C /* ImageViewController.swift in Sources */,
				250BB8DA20183AAA0094A423 /* InfoViewController.swift in Sources */,
				2569F5D72018878D0090DD1C /* AttributeViewController.swift in Sources */,
				2569F5CB201873410090DD1C /* CustomViewDelegate.swift in Sources */,
				2569F5E6201976B80090DD1C /* SingleViewController.swift in Sources */,
				2569F5EE2019B4FA0090DD1C /* TwoTablesViewController.swift in Sources */,
				2569F5EA201977250090DD1C /* DoubleViewController.swift in Sources */,
				2569F5C320186D760090DD1C /* SquareViewController.swift in Sources */,
			);
			runOnlyForDeploymentPostprocessing = 0;
		};
/* End PBXSourcesBuildPhase section */

/* Begin PBXVariantGroup section */
		257299A52010A3A500B22C19 /* Main.storyboard */ = {
			isa = PBXVariantGroup;
			children = (
				257299A62010A3A500B22C19 /* Base */,
			);
			name = Main.storyboard;
			sourceTree = "<group>";
		};
		257299AA2010A3A500B22C19 /* LaunchScreen.storyboard */ = {
			isa = PBXVariantGroup;
			children = (
				257299AB2010A3A500B22C19 /* Base */,
			);
			name = LaunchScreen.storyboard;
			sourceTree = "<group>";
		};
/* End PBXVariantGroup section */

/* Begin XCBuildConfiguration section */
		257299AE2010A3A500B22C19 /* Debug */ = {
			isa = XCBuildConfiguration;
			buildSettings = {
				ALWAYS_SEARCH_USER_PATHS = NO;
				CLANG_ANALYZER_NONNULL = YES;
				CLANG_ANALYZER_NUMBER_OBJECT_CONVERSION = YES_AGGRESSIVE;
				CLANG_CXX_LANGUAGE_STANDARD = "gnu++14";
				CLANG_CXX_LIBRARY = "libc++";
				CLANG_ENABLE_MODULES = YES;
				CLANG_ENABLE_OBJC_ARC = YES;
				CLANG_WARN_BLOCK_CAPTURE_AUTORELEASING = YES;
				CLANG_WARN_BOOL_CONVERSION = YES;
				CLANG_WARN_COMMA = YES;
				CLANG_WARN_CONSTANT_CONVERSION = YES;
				CLANG_WARN_DIRECT_OBJC_ISA_USAGE = YES_ERROR;
				CLANG_WARN_DOCUMENTATION_COMMENTS = YES;
				CLANG_WARN_EMPTY_BODY = YES;
				CLANG_WARN_ENUM_CONVERSION = YES;
				CLANG_WARN_INFINITE_RECURSION = YES;
				CLANG_WARN_INT_CONVERSION = YES;
				CLANG_WARN_NON_LITERAL_NULL_CONVERSION = YES;
				CLANG_WARN_OBJC_LITERAL_CONVERSION = YES;
				CLANG_WARN_OBJC_ROOT_CLASS = YES_ERROR;
				CLANG_WARN_RANGE_LOOP_ANALYSIS = YES;
				CLANG_WARN_STRICT_PROTOTYPES = YES;
				CLANG_WARN_SUSPICIOUS_MOVE = YES;
				CLANG_WARN_UNGUARDED_AVAILABILITY = YES_AGGRESSIVE;
				CLANG_WARN_UNREACHABLE_CODE = YES;
				CLANG_WARN__DUPLICATE_METHOD_MATCH = YES;
				CODE_SIGN_IDENTITY = "iPhone Developer";
				COPY_PHASE_STRIP = NO;
				DEBUG_INFORMATION_FORMAT = dwarf;
				ENABLE_STRICT_OBJC_MSGSEND = YES;
				ENABLE_TESTABILITY = YES;
				GCC_C_LANGUAGE_STANDARD = gnu11;
				GCC_DYNAMIC_NO_PIC = NO;
				GCC_NO_COMMON_BLOCKS = YES;
				GCC_OPTIMIZATION_LEVEL = 0;
				GCC_PREPROCESSOR_DEFINITIONS = (
					"DEBUG=1",
					"$(inherited)",
				);
				GCC_WARN_64_TO_32_BIT_CONVERSION = YES;
				GCC_WARN_ABOUT_RETURN_TYPE = YES_ERROR;
				GCC_WARN_UNDECLARED_SELECTOR = YES;
				GCC_WARN_UNINITIALIZED_AUTOS = YES_AGGRESSIVE;
				GCC_WARN_UNUSED_FUNCTION = YES;
				GCC_WARN_UNUSED_VARIABLE = YES;
				IPHONEOS_DEPLOYMENT_TARGET = 11.2;
				MTL_ENABLE_DEBUG_INFO = YES;
				ONLY_ACTIVE_ARCH = YES;
				SDKROOT = iphoneos;
				SWIFT_ACTIVE_COMPILATION_CONDITIONS = DEBUG;
				SWIFT_OPTIMIZATION_LEVEL = "-Onone";
			};
			name = Debug;
		};
		257299AF2010A3A500B22C19 /* Release */ = {
			isa = XCBuildConfiguration;
			buildSettings = {
				ALWAYS_SEARCH_USER_PATHS = NO;
				CLANG_ANALYZER_NONNULL = YES;
				CLANG_ANALYZER_NUMBER_OBJECT_CONVERSION = YES_AGGRESSIVE;
				CLANG_CXX_LANGUAGE_STANDARD = "gnu++14";
				CLANG_CXX_LIBRARY = "libc++";
				CLANG_ENABLE_MODULES = YES;
				CLANG_ENABLE_OBJC_ARC = YES;
				CLANG_WARN_BLOCK_CAPTURE_AUTORELEASING = YES;
				CLANG_WARN_BOOL_CONVERSION = YES;
				CLANG_WARN_COMMA = YES;
				CLANG_WARN_CONSTANT_CONVERSION = YES;
				CLANG_WARN_DIRECT_OBJC_ISA_USAGE = YES_ERROR;
				CLANG_WARN_DOCUMENTATION_COMMENTS = YES;
				CLANG_WARN_EMPTY_BODY = YES;
				CLANG_WARN_ENUM_CONVERSION = YES;
				CLANG_WARN_INFINITE_RECURSION = YES;
				CLANG_WARN_INT_CONVERSION = YES;
				CLANG_WARN_NON_LITERAL_NULL_CONVERSION = YES;
				CLANG_WARN_OBJC_LITERAL_CONVERSION = YES;
				CLANG_WARN_OBJC_ROOT_CLASS = YES_ERROR;
				CLANG_WARN_RANGE_LOOP_ANALYSIS = YES;
				CLANG_WARN_STRICT_PROTOTYPES = YES;
				CLANG_WARN_SUSPICIOUS_MOVE = YES;
				CLANG_WARN_UNGUARDED_AVAILABILITY = YES_AGGRESSIVE;
				CLANG_WARN_UNREACHABLE_CODE = YES;
				CLANG_WARN__DUPLICATE_METHOD_MATCH = YES;
				CODE_SIGN_IDENTITY = "iPhone Developer";
				COPY_PHASE_STRIP = NO;
				DEBUG_INFORMATION_FORMAT = "dwarf-with-dsym";
				ENABLE_NS_ASSERTIONS = NO;
				ENABLE_STRICT_OBJC_MSGSEND = YES;
				GCC_C_LANGUAGE_STANDARD = gnu11;
				GCC_NO_COMMON_BLOCKS = YES;
				GCC_WARN_64_TO_32_BIT_CONVERSION = YES;
				GCC_WARN_ABOUT_RETURN_TYPE = YES_ERROR;
				GCC_WARN_UNDECLARED_SELECTOR = YES;
				GCC_WARN_UNINITIALIZED_AUTOS = YES_AGGRESSIVE;
				GCC_WARN_UNUSED_FUNCTION = YES;
				GCC_WARN_UNUSED_VARIABLE = YES;
				IPHONEOS_DEPLOYMENT_TARGET = 11.2;
				MTL_ENABLE_DEBUG_INFO = NO;
				SDKROOT = iphoneos;
				SWIFT_OPTIMIZATION_LEVEL = "-Owholemodule";
				VALIDATE_PRODUCT = YES;
			};
			name = Release;
		};
		257299B12010A3A500B22C19 /* Debug */ = {
			isa = XCBuildConfiguration;
			buildSettings = {
				ASSETCATALOG_COMPILER_APPICON_NAME = AppIcon;
				CODE_SIGN_STYLE = Automatic;
				DEVELOPMENT_TEAM = "";
				INFOPLIST_FILE = LZPageMenu/Info.plist;
				IPHONEOS_DEPLOYMENT_TARGET = 9.0;
				LD_RUNPATH_SEARCH_PATHS = "$(inherited) @executable_path/Frameworks";
				PRODUCT_BUNDLE_IDENTIFIER = "--.LZPageMenu";
				PRODUCT_NAME = "$(TARGET_NAME)";
				SWIFT_VERSION = 4.0;
				TARGETED_DEVICE_FAMILY = "1,2";
			};
			name = Debug;
		};
		257299B22010A3A500B22C19 /* Release */ = {
			isa = XCBuildConfiguration;
			buildSettings = {
				ASSETCATALOG_COMPILER_APPICON_NAME = AppIcon;
				CODE_SIGN_STYLE = Automatic;
				DEVELOPMENT_TEAM = "";
				INFOPLIST_FILE = LZPageMenu/Info.plist;
				IPHONEOS_DEPLOYMENT_TARGET = 9.0;
				LD_RUNPATH_SEARCH_PATHS = "$(inherited) @executable_path/Frameworks";
				PRODUCT_BUNDLE_IDENTIFIER = "--.LZPageMenu";
				PRODUCT_NAME = "$(TARGET_NAME)";
				SWIFT_VERSION = 4.0;
				TARGETED_DEVICE_FAMILY = "1,2";
			};
			name = Release;
		};
/* End XCBuildConfiguration section */

/* Begin XCConfigurationList section */
		257299992010A3A500B22C19 /* Build configuration list for PBXProject "LZPageMenu" */ = {
			isa = XCConfigurationList;
			buildConfigurations = (
				257299AE2010A3A500B22C19 /* Debug */,
				257299AF2010A3A500B22C19 /* Release */,
			);
			defaultConfigurationIsVisible = 0;
			defaultConfigurationName = Release;
		};
		257299B02010A3A500B22C19 /* Build configuration list for PBXNativeTarget "LZPageMenu" */ = {
			isa = XCConfigurationList;
			buildConfigurations = (
				257299B12010A3A500B22C19 /* Debug */,
				257299B22010A3A500B22C19 /* Release */,
			);
			defaultConfigurationIsVisible = 0;
			defaultConfigurationName = Release;
		};
/* End XCConfigurationList section */
	};
	rootObject = 257299962010A3A500B22C19 /* Project object */;
}
